Microsoft Visual Studio Solution File, Format Version 12.00
# Visual Studio 2012
Project("{FAE04EC0-301F-11D3-BF4B-00C04F79EFBC}") = "HurryUp", "HurryUp.csproj", "{30904C45-30AA-4F72-8314-B97ED297414C}"
EndProject
Global
	GlobalSection(SolutionConfigurationPlatforms) = preSolution
	Debug|Any CPU = Debug|Any CPU
	ExportDebug|Any CPU = ExportDebug|Any CPU
	ExportRelease|Any CPU = ExportRelease|Any CPU
	EndGlobalSection
	GlobalSection(ProjectConfigurationPlatforms) = postSolution
		{30904C45-30AA-4F72-8314-B97ED297414C}.Debug|Any CPU.ActiveCfg = Debug|Any CPU
		{30904C45-30AA-4F72-8314-B97ED297414C}.Debug|Any CPU.Build.0 = Debug|Any CPU
		{30904C45-30AA-4F72-8314-B97ED297414C}.ExportDebug|Any CPU.ActiveCfg = ExportDebug|Any CPU
		{30904C45-30AA-4F72-8314-B97ED297414C}.ExportDebug|Any CPU.Build.0 = ExportDebug|Any CPU
		{30904C45-30AA-4F72-8314-B97ED297414C}.ExportRelease|Any CPU.ActiveCfg = ExportRelease|Any CPU
		{30904C45-30AA-4F72-8314-B97ED297414C}.ExportRelease|Any CPU.Build.0 = ExportRelease|Any CPU
	EndGlobalSection
EndGlobal
